// !$*UTF8*$!
{
	archiveVersion = 1;
	classes = {
	};
	objectVersion = 48;
	objects = {

/* Begin PBXBuildFile section */
		4556FAA11FCD4CC6007DCCF0 /* SubImageModel.swift in Sources */ = {isa = PBXBuildFile; fileRef = 4556FAA01FCD4CC6007DCCF0 /* SubImageModel.swift */; };
		45A711341FCEC94C00A7E663 /* BaseObject.swift in Sources */ = {isa = PBXBuildFile; fileRef = 45A711331FCEC94C00A7E663 /* BaseObject.swift */; };
		45C0DD061FCBB37200C341B8 /* main.swift in Sources */ = {isa = PBXBuildFile; fileRef = 45C0DD051FCBB37200C341B8 /* main.swift */; };
		45C0DD0F1FCBB3E200C341B8 /* ProductModel.swift in Sources */ = {isa = PBXBuildFile; fileRef = 45C0DD0E1FCBB3E200C341B8 /* ProductModel.swift */; };
		45C0DD111FCBB3ED00C341B8 /* ImageModel.swift in Sources */ = {isa = PBXBuildFile; fileRef = 45C0DD101FCBB3ED00C341B8 /* ImageModel.swift */; };
		45C0DD131FCBEDB800C341B8 /* TransformDataProtocol.swift in Sources */ = {isa = PBXBuildFile; fileRef = 45C0DD121FCBEDB800C341B8 /* TransformDataProtocol.swift */; };
/* End PBXBuildFile section */

/* Begin PBXCopyFilesBuildPhase section */
		45C0DD001FCBB37200C341B8 /* CopyFiles */ = {
			isa = PBXCopyFilesBuildPhase;
			buildActionMask = 2147483647;
			dstPath = /usr/share/man/man1/;
			dstSubfolderSpec = 0;
			files = (
			);
			runOnlyForDeploymentPostprocessing = 1;
		};
/* End PBXCopyFilesBuildPhase section */

/* Begin PBXFileReference section */
		4556FAA01FCD4CC6007DCCF0 /* SubImageModel.swift */ = {isa = PBXFileReference; lastKnownFileType = sourcecode.swift; path = SubImageModel.swift; sourceTree = "<group>"; };
		45A711331FCEC94C00A7E663 /* BaseObject.swift */ = {isa = PBXFileReference; lastKnownFileType = sourcecode.swift; path = BaseObject.swift; sourceTree = "<group>"; };
		45C0DD021FCBB37200C341B8 /* testChangeModel */ = {isa = PBXFileReference; explicitFileType = "compiled.mach-o.executable"; includeInIndex = 0; path = testChangeModel; sourceTree = BUILT_PRODUCTS_DIR; };
		45C0DD051FCBB37200C341B8 /* main.swift */ = {isa = PBXFileReference; lastKnownFileType = sourcecode.swift; path = main.swift; sourceTree = "<group>"; };
		45C0DD0E1FCBB3E200C341B8 /* ProductModel.swift */ = {isa = PBXFileReference; lastKnownFileType = sourcecode.swift; path = ProductModel.swift; sourceTree = "<group>"; };
		45C0DD101FCBB3ED00C341B8 /* ImageModel.swift */ = {isa = PBXFileReference; lastKnownFileType = sourcecode.swift; path = ImageModel.swift; sourceTree = "<group>"; };
		45C0DD121FCBEDB800C341B8 /* TransformDataProtocol.swift */ = {isa = PBXFileReference; lastKnownFileType = sourcecode.swift; path = TransformDataProtocol.swift; sourceTree = "<group>"; };
/* End PBXFileReference section */

/* Begin PBXFrameworksBuildPhase section */
		45C0DCFF1FCBB37200C341B8 /* Frameworks */ = {
			isa = PBXFrameworksBuildPhase;
			buildActionMask = 2147483647;
			files = (
			);
			runOnlyForDeploymentPostprocessing = 0;
		};
/* End PBXFrameworksBuildPhase section */

/* Begin PBXGroup section */
		45C0DCF91FCBB37200C341B8 = {
			isa = PBXGroup;
			children = (
				45C0DD041FCBB37200C341B8 /* 转换模型 */,
				45C0DD031FCBB37200C341B8 /* Products */,
			);
			sourceTree = "<group>";
		};
		45C0DD031FCBB37200C341B8 /* Products */ = {
			isa = PBXGroup;
			children = (
				45C0DD021FCBB37200C341B8 /* testChangeModel */,
			);
			name = Products;
			sourceTree = "<group>";
		};
		45C0DD041FCBB37200C341B8 /* 转换模型 */ = {
			isa = PBXGroup;
			children = (
				45C0DD051FCBB37200C341B8 /* main.swift */,
				45C0DD0E1FCBB3E200C341B8 /* ProductModel.swift */,
				45C0DD101FCBB3ED00C341B8 /* ImageModel.swift */,
				4556FAA01FCD4CC6007DCCF0 /* SubImageModel.swift */,
				45C0DD121FCBEDB800C341B8 /* TransformDataProtocol.swift */,
				45A711331FCEC94C00A7E663 /* BaseObject.swift */,
			);
			path = "转换模型";
			sourceTree = "<group>";
		};
/* End PBXGroup section */

/* Begin PBXNativeTarget section */
		45C0DD011FCBB37200C341B8 /* testChangeModel */ = {
			isa = PBXNativeTarget;
			buildConfigurationList = 45C0DD091FCBB37200C341B8 /* Build configuration list for PBXNativeTarget "testChangeModel" */;
			buildPhases = (
				45C0DCFE1FCBB37200C341B8 /* Sources */,
				45C0DCFF1FCBB37200C341B8 /* Frameworks */,
				45C0DD001FCBB37200C341B8 /* CopyFiles */,
			);
			buildRules = (
			);
			dependencies = (
			);
			name = testChangeModel;
			productName = "转换模型";
			productReference = 45C0DD021FCBB37200C341B8 /* testChangeModel */;
			productType = "com.apple.product-type.tool";
		};
/* End PBXNativeTarget section */

/* Begin PBXProject section */
		45C0DCFA1FCBB37200C341B8 /* Project object */ = {
			isa = PBXProject;
			attributes = {
				LastSwiftUpdateCheck = 0910;
				LastUpgradeCheck = 0910;
				ORGANIZATIONNAME = aizexin;
				TargetAttributes = {
					45C0DD011FCBB37200C341B8 = {
						CreatedOnToolsVersion = 9.1;
						ProvisioningStyle = Automatic;
					};
				};
			};
			buildConfigurationList = 45C0DCFD1FCBB37200C341B8 /* Build configuration list for PBXProject "testChangeModel" */;
			compatibilityVersion = "Xcode 8.0";
			developmentRegion = en;
			hasScannedForEncodings = 0;
			knownRegions = (
				en,
			);
			mainGroup = 45C0DCF91FCBB37200C341B8;
			productRefGroup = 45C0DD031FCBB37200C341B8 /* Products */;
			projectDirPath = "";
			projectRoot = "";
			targets = (
				45C0DD011FCBB37200C341B8 /* testChangeModel */,
			);
		};
/* End PBXProject section */

/* Begin PBXSourcesBuildPhase section */
		45C0DCFE1FCBB37200C341B8 /* Sources */ = {
			isa = PBXSourcesBuildPhase;
			buildActionMask = 2147483647;
			files = (
				45C0DD131FCBEDB800C341B8 /* TransformDataProtocol.swift in Sources */,
				45C0DD0F1FCBB3E200C341B8 /* ProductModel.swift in Sources */,
				45C0DD061FCBB37200C341B8 /* main.swift in Sources */,
				4556FAA11FCD4CC6007DCCF0 /* SubImageModel.swift in Sources */,
				45C0DD111FCBB3ED00C341B8 /* ImageModel.swift in Sources */,
				45A711341FCEC94C00A7E663 /* BaseObject.swift in Sources */,
			);
			runOnlyForDeploymentPostprocessing = 0;
		};
/* End PBXSourcesBuildPhase section */

/* Begin XCBuildConfiguration section */
		45C0DD071FCBB37200C341B8 /* Debug */ = {
			isa = XCBuildConfiguration;
			buildSettings = {
				ALWAYS_SEARCH_USER_PATHS = NO;
				CLANG_ANALYZER_NONNULL = YES;
				CLANG_ANALYZER_NUMBER_OBJECT_CONVERSION = YES_AGGRESSIVE;
				CLANG_CXX_LANGUAGE_STANDARD = "gnu++14";
				CLANG_CXX_LIBRARY = "libc++";
				CLANG_ENABLE_MODULES = YES;
				CLANG_ENABLE_OBJC_ARC = YES;
				CLANG_WARN_BLOCK_CAPTURE_AUTORELEASING = YES;
				CLANG_WARN_BOOL_CONVERSION = YES;
				CLANG_WARN_COMMA = YES;
				CLANG_WARN_CONSTANT_CONVERSION = YES;
				CLANG_WARN_DIRECT_OBJC_ISA_USAGE = YES_ERROR;
				CLANG_WARN_DOCUMENTATION_COMMENTS = YES;
				CLANG_WARN_EMPTY_BODY = YES;
				CLANG_WARN_ENUM_CONVERSION = YES;
				CLANG_WARN_INFINITE_RECURSION = YES;
				CLANG_WARN_INT_CONVERSION = YES;
				CLANG_WARN_NON_LITERAL_NULL_CONVERSION = YES;
				CLANG_WARN_OBJC_LITERAL_CONVERSION = YES;
				CLANG_WARN_OBJC_ROOT_CLASS = YES_ERROR;
				CLANG_WARN_RANGE_LOOP_ANALYSIS = YES;
				CLANG_WARN_STRICT_PROTOTYPES = YES;
				CLANG_WARN_SUSPICIOUS_MOVE = YES;
				CLANG_WARN_UNGUARDED_AVAILABILITY = YES_AGGRESSIVE;
				CLANG_WARN_UNREACHABLE_CODE = YES;
				CLANG_WARN__DUPLICATE_METHOD_MATCH = YES;
				CODE_SIGN_IDENTITY = "Mac Developer";
				COPY_PHASE_STRIP = NO;
				DEBUG_INFORMATION_FORMAT = dwarf;
				ENABLE_STRICT_OBJC_MSGSEND = YES;
				ENABLE_TESTABILITY = YES;
				GCC_C_LANGUAGE_STANDARD = gnu11;
				GCC_DYNAMIC_NO_PIC = NO;
				GCC_NO_COMMON_BLOCKS = YES;
				GCC_OPTIMIZATION_LEVEL = 0;
				GCC_PREPROCESSOR_DEFINITIONS = (
					"DEBUG=1",
					"$(inherited)",
				);
				GCC_WARN_64_TO_32_BIT_CONVERSION = YES;
				GCC_WARN_ABOUT_RETURN_TYPE = YES_ERROR;
				GCC_WARN_UNDECLARED_SELECTOR = YES;
				GCC_WARN_UNINITIALIZED_AUTOS = YES_AGGRESSIVE;
				GCC_WARN_UNUSED_FUNCTION = YES;
				GCC_WARN_UNUSED_VARIABLE = YES;
				MACOSX_DEPLOYMENT_TARGET = 10.13;
				MTL_ENABLE_DEBUG_INFO = YES;
				ONLY_ACTIVE_ARCH = YES;
				SDKROOT = macosx;
				SWIFT_ACTIVE_COMPILATION_CONDITIONS = DEBUG;
				SWIFT_OPTIMIZATION_LEVEL = "-Onone";
			};
			name = Debug;
		};
		45C0DD081FCBB37200C341B8 /* Release */ = {
			isa = XCBuildConfiguration;
			buildSettings = {
				ALWAYS_SEARCH_USER_PATHS = NO;
				CLANG_ANALYZER_NONNULL = YES;
				CLANG_ANALYZER_NUMBER_OBJECT_CONVERSION = YES_AGGRESSIVE;
				CLANG_CXX_LANGUAGE_STANDARD = "gnu++14";
				CLANG_CXX_LIBRARY = "libc++";
				CLANG_ENABLE_MODULES = YES;
				CLANG_ENABLE_OBJC_ARC = YES;
				CLANG_WARN_BLOCK_CAPTURE_AUTORELEASING = YES;
				CLANG_WARN_BOOL_CONVERSION = YES;
				CLANG_WARN_COMMA = YES;
				CLANG_WARN_CONSTANT_CONVERSION = YES;
				CLANG_WARN_DIRECT_OBJC_ISA_USAGE = YES_ERROR;
				CLANG_WARN_DOCUMENTATION_COMMENTS = YES;
				CLANG_WARN_EMPTY_BODY = YES;
				CLANG_WARN_ENUM_CONVERSION = YES;
				CLANG_WARN_INFINITE_RECURSION = YES;
				CLANG_WARN_INT_CONVERSION = YES;
				CLANG_WARN_NON_LITERAL_NULL_CONVERSION = YES;
				CLANG_WARN_OBJC_LITERAL_CONVERSION = YES;
				CLANG_WARN_OBJC_ROOT_CLASS = YES_ERROR;
				CLANG_WARN_RANGE_LOOP_ANALYSIS = YES;
				CLANG_WARN_STRICT_PROTOTYPES = YES;
				CLANG_WARN_SUSPICIOUS_MOVE = YES;
				CLANG_WARN_UNGUARDED_AVAILABILITY = YES_AGGRESSIVE;
				CLANG_WARN_UNREACHABLE_CODE = YES;
				CLANG_WARN__DUPLICATE_METHOD_MATCH = YES;
				CODE_SIGN_IDENTITY = "Mac Developer";
				COPY_PHASE_STRIP = NO;
				DEBUG_INFORMATION_FORMAT = "dwarf-with-dsym";
				ENABLE_NS_ASSERTIONS = NO;
				ENABLE_STRICT_OBJC_MSGSEND = YES;
				GCC_C_LANGUAGE_STANDARD = gnu11;
				GCC_NO_COMMON_BLOCKS = YES;
				GCC_WARN_64_TO_32_BIT_CONVERSION = YES;
				GCC_WARN_ABOUT_RETURN_TYPE = YES_ERROR;
				GCC_WARN_UNDECLARED_SELECTOR = YES;
				GCC_WARN_UNINITIALIZED_AUTOS = YES_AGGRESSIVE;
				GCC_WARN_UNUSED_FUNCTION = YES;
				GCC_WARN_UNUSED_VARIABLE = YES;
				MACOSX_DEPLOYMENT_TARGET = 10.13;
				MTL_ENABLE_DEBUG_INFO = NO;
				SDKROOT = macosx;
				SWIFT_OPTIMIZATION_LEVEL = "-Owholemodule";
			};
			name = Release;
		};
		45C0DD0A1FCBB37200C341B8 /* Debug */ = {
			isa = XCBuildConfiguration;
			buildSettings = {
				CODE_SIGN_STYLE = Automatic;
				DEVELOPMENT_TEAM = Y56852HD87;
				PRODUCT_NAME = "$(TARGET_NAME)";
				SWIFT_VERSION = 4.0;
			};
			name = Debug;
		};
		45C0DD0B1FCBB37200C341B8 /* Release */ = {
			isa = XCBuildConfiguration;
			buildSettings = {
				CODE_SIGN_STYLE = Automatic;
				DEVELOPMENT_TEAM = Y56852HD87;
				PRODUCT_NAME = "$(TARGET_NAME)";
				SWIFT_VERSION = 4.0;
			};
			name = Release;
		};
/* End XCBuildConfiguration section */

/* Begin XCConfigurationList section */
		45C0DCFD1FCBB37200C341B8 /* Build configuration list for PBXProject "testChangeModel" */ = {
			isa = XCConfigurationList;
			buildConfigurations = (
				45C0DD071FCBB37200C341B8 /* Debug */,
				45C0DD081FCBB37200C341B8 /* Release */,
			);
			defaultConfigurationIsVisible = 0;
			defaultConfigurationName = Release;
		};
		45C0DD091FCBB37200C341B8 /* Build configuration list for PBXNativeTarget "testChangeModel" */ = {
			isa = XCConfigurationList;
			buildConfigurations = (
				45C0DD0A1FCBB37200C341B8 /* Debug */,
				45C0DD0B1FCBB37200C341B8 /* Release */,
			);
			defaultConfigurationIsVisible = 0;
			defaultConfigurationName = Release;
		};
/* End XCConfigurationList section */
	};
	rootObject = 45C0DCFA1FCBB37200C341B8 /* Project object */;
}
